
Microsoft Visual Studio Solution File, Format Version 12.00
# Visual Studio Version 17
VisualStudioVersion = 17.10.35122.118
MinimumVisualStudioVersion = 10.0.40219.1
Project("{FAE04EC0-301F-11D3-BF4B-00C04F79EFBC}") = "ConsoleApp1", "ConsoleApp1\ConsoleApp1.csproj", "{77FB0926-113A-48F7-8F50-65A2A3148758}"
EndProject
Global
	GlobalSection(SolutionConfigurationPlatforms) = preSolution
		Debug|Any CPU = Debug|Any CPU
		Release|Any CPU = Release|Any CPU
	EndGlobalSection
	GlobalSection(ProjectConfigurationPlatforms) = postSolution
		{77FB0926-113A-48F7-8F50-65A2A3148758}.Debug|Any CPU.ActiveCfg = Debug|Any CPU
		{77FB0926-113A-48F7-8F50-65A2A3148758}.Debug|Any CPU.Build.0 = Debug|Any CPU
		{77FB0926-113A-48F7-8F50-65A2A3148758}.Release|Any CPU.ActiveCfg = Release|Any CPU
		{77FB0926-113A-48F7-8F50-65A2A3148758}.Release|Any CPU.Build.0 = Release|Any CPU
	EndGlobalSection
	GlobalSection(SolutionProperties) = preSolution
		HideSolutionNode = FALSE
	EndGlobalSection
	GlobalSection(ExtensibilityGlobals) = postSolution
		SolutionGuid = {90ACC47B-3F6A-48F0-AA8C-4638CE513AF6}
	EndGlobalSection
EndGlobal
